
Microsoft Visual Studio Solution File, Format Version 12.00
# Visual Studio 15
VisualStudioVersion = 15.0.28307.572
MinimumVisualStudioVersion = 10.0.40219.1
Project("{8BC9CEB8-8B4A-11D0-8D11-00A0C91BC942}") = "Project-1.6", "Project-1.6\Project-1.6.vcxproj", "{CDE31D73-A410-461C-AFB1-526525E0EE73}"
EndProject
Global
	GlobalSection(SolutionConfigurationPlatforms) = preSolution
		Debug|x64 = Debug|x64
		Debug|x86 = Debug|x86
		Release|x64 = Release|x64
		Release|x86 = Release|x86
	EndGlobalSection
	GlobalSection(ProjectConfigurationPlatforms) = postSolution
		{CDE31D73-A410-461C-AFB1-526525E0EE73}.Debug|x64.ActiveCfg = Debug|x64
		{CDE31D73-A410-461C-AFB1-526525E0EE73}.Debug|x64.Build.0 = Debug|x64
		{CDE31D73-A410-461C-AFB1-526525E0EE73}.Debug|x86.ActiveCfg = Debug|Win32
		{CDE31D73-A410-461C-AFB1-526525E0EE73}.Debug|x86.Build.0 = Debug|Win32
		{CDE31D73-A410-461C-AFB1-526525E0EE73}.Release|x64.ActiveCfg = Release|x64
		{CDE31D73-A410-461C-AFB1-526525E0EE73}.Release|x64.Build.0 = Release|x64
		{CDE31D73-A410-461C-AFB1-526525E0EE73}.Release|x86.ActiveCfg = Release|Win32
		{CDE31D73-A410-461C-AFB1-526525E0EE73}.Release|x86.Build.0 = Release|Win32
	EndGlobalSection
	GlobalSection(SolutionProperties) = preSolution
		HideSolutionNode = FALSE
	EndGlobalSection
	GlobalSection(ExtensibilityGlobals) = postSolution
		SolutionGuid = {411E286F-67B8-41AD-8714-466A851C9D4E}
	EndGlobalSection
EndGlobal
