
Microsoft Visual Studio Solution File, Format Version 12.00
# Visual Studio 15
VisualStudioVersion = 15.0.28307.572
MinimumVisualStudioVersion = 10.0.40219.1
Project("{8BC9CEB8-8B4A-11D0-8D11-00A0C91BC942}") = "Project-10.27", "Project-10.27\Project-10.27.vcxproj", "{AE50D255-B7CE-4323-8F00-F30E2EA520EF}"
EndProject
Global
	GlobalSection(SolutionConfigurationPlatforms) = preSolution
		Debug|x64 = Debug|x64
		Debug|x86 = Debug|x86
		Release|x64 = Release|x64
		Release|x86 = Release|x86
	EndGlobalSection
	GlobalSection(ProjectConfigurationPlatforms) = postSolution
		{AE50D255-B7CE-4323-8F00-F30E2EA520EF}.Debug|x64.ActiveCfg = Debug|x64
		{AE50D255-B7CE-4323-8F00-F30E2EA520EF}.Debug|x64.Build.0 = Debug|x64
		{AE50D255-B7CE-4323-8F00-F30E2EA520EF}.Debug|x86.ActiveCfg = Debug|Win32
		{AE50D255-B7CE-4323-8F00-F30E2EA520EF}.Debug|x86.Build.0 = Debug|Win32
		{AE50D255-B7CE-4323-8F00-F30E2EA520EF}.Release|x64.ActiveCfg = Release|x64
		{AE50D255-B7CE-4323-8F00-F30E2EA520EF}.Release|x64.Build.0 = Release|x64
		{AE50D255-B7CE-4323-8F00-F30E2EA520EF}.Release|x86.ActiveCfg = Release|Win32
		{AE50D255-B7CE-4323-8F00-F30E2EA520EF}.Release|x86.Build.0 = Release|Win32
	EndGlobalSection
	GlobalSection(SolutionProperties) = preSolution
		HideSolutionNode = FALSE
	EndGlobalSection
	GlobalSection(ExtensibilityGlobals) = postSolution
		SolutionGuid = {A85871CC-D78A-4F3F-985D-609427492F38}
	EndGlobalSection
EndGlobal
