
Microsoft Visual Studio Solution File, Format Version 12.00
# Visual Studio 15
VisualStudioVersion = 15.0.28307.572
MinimumVisualStudioVersion = 10.0.40219.1
Project("{8BC9CEB8-8B4A-11D0-8D11-00A0C91BC942}") = "Project-10.29", "Project-10.29\Project-10.29.vcxproj", "{F18FC089-3EA7-4C67-86C5-C84B7D21CCBB}"
EndProject
Global
	GlobalSection(SolutionConfigurationPlatforms) = preSolution
		Debug|x64 = Debug|x64
		Debug|x86 = Debug|x86
		Release|x64 = Release|x64
		Release|x86 = Release|x86
	EndGlobalSection
	GlobalSection(ProjectConfigurationPlatforms) = postSolution
		{F18FC089-3EA7-4C67-86C5-C84B7D21CCBB}.Debug|x64.ActiveCfg = Debug|x64
		{F18FC089-3EA7-4C67-86C5-C84B7D21CCBB}.Debug|x64.Build.0 = Debug|x64
		{F18FC089-3EA7-4C67-86C5-C84B7D21CCBB}.Debug|x86.ActiveCfg = Debug|Win32
		{F18FC089-3EA7-4C67-86C5-C84B7D21CCBB}.Debug|x86.Build.0 = Debug|Win32
		{F18FC089-3EA7-4C67-86C5-C84B7D21CCBB}.Release|x64.ActiveCfg = Release|x64
		{F18FC089-3EA7-4C67-86C5-C84B7D21CCBB}.Release|x64.Build.0 = Release|x64
		{F18FC089-3EA7-4C67-86C5-C84B7D21CCBB}.Release|x86.ActiveCfg = Release|Win32
		{F18FC089-3EA7-4C67-86C5-C84B7D21CCBB}.Release|x86.Build.0 = Release|Win32
	EndGlobalSection
	GlobalSection(SolutionProperties) = preSolution
		HideSolutionNode = FALSE
	EndGlobalSection
	GlobalSection(ExtensibilityGlobals) = postSolution
		SolutionGuid = {431C0928-BE13-433D-9407-10FED43CA662}
	EndGlobalSection
EndGlobal
