
Microsoft Visual Studio Solution File, Format Version 12.00
# Visual Studio 15
VisualStudioVersion = 15.0.28307.572
MinimumVisualStudioVersion = 10.0.40219.1
Project("{8BC9CEB8-8B4A-11D0-8D11-00A0C91BC942}") = "Project-11.31", "Project-11.31\Project-11.31.vcxproj", "{AEFEDD72-9C66-4E09-85F2-F1180D2DBC24}"
EndProject
Global
	GlobalSection(SolutionConfigurationPlatforms) = preSolution
		Debug|x64 = Debug|x64
		Debug|x86 = Debug|x86
		Release|x64 = Release|x64
		Release|x86 = Release|x86
	EndGlobalSection
	GlobalSection(ProjectConfigurationPlatforms) = postSolution
		{AEFEDD72-9C66-4E09-85F2-F1180D2DBC24}.Debug|x64.ActiveCfg = Debug|x64
		{AEFEDD72-9C66-4E09-85F2-F1180D2DBC24}.Debug|x64.Build.0 = Debug|x64
		{AEFEDD72-9C66-4E09-85F2-F1180D2DBC24}.Debug|x86.ActiveCfg = Debug|Win32
		{AEFEDD72-9C66-4E09-85F2-F1180D2DBC24}.Debug|x86.Build.0 = Debug|Win32
		{AEFEDD72-9C66-4E09-85F2-F1180D2DBC24}.Release|x64.ActiveCfg = Release|x64
		{AEFEDD72-9C66-4E09-85F2-F1180D2DBC24}.Release|x64.Build.0 = Release|x64
		{AEFEDD72-9C66-4E09-85F2-F1180D2DBC24}.Release|x86.ActiveCfg = Release|Win32
		{AEFEDD72-9C66-4E09-85F2-F1180D2DBC24}.Release|x86.Build.0 = Release|Win32
	EndGlobalSection
	GlobalSection(SolutionProperties) = preSolution
		HideSolutionNode = FALSE
	EndGlobalSection
	GlobalSection(ExtensibilityGlobals) = postSolution
		SolutionGuid = {9CBAB97D-E12D-4935-9314-FAA762FCDAB2}
	EndGlobalSection
EndGlobal
