
Microsoft Visual Studio Solution File, Format Version 12.00
# Visual Studio 15
VisualStudioVersion = 15.0.28307.572
MinimumVisualStudioVersion = 10.0.40219.1
Project("{8BC9CEB8-8B4A-11D0-8D11-00A0C91BC942}") = "Project-3.17", "Project-3.17\Project-3.17.vcxproj", "{F85B4633-8BCF-44C2-AB9D-8BA1F0645649}"
EndProject
Global
	GlobalSection(SolutionConfigurationPlatforms) = preSolution
		Debug|x64 = Debug|x64
		Debug|x86 = Debug|x86
		Release|x64 = Release|x64
		Release|x86 = Release|x86
	EndGlobalSection
	GlobalSection(ProjectConfigurationPlatforms) = postSolution
		{F85B4633-8BCF-44C2-AB9D-8BA1F0645649}.Debug|x64.ActiveCfg = Debug|x64
		{F85B4633-8BCF-44C2-AB9D-8BA1F0645649}.Debug|x64.Build.0 = Debug|x64
		{F85B4633-8BCF-44C2-AB9D-8BA1F0645649}.Debug|x86.ActiveCfg = Debug|Win32
		{F85B4633-8BCF-44C2-AB9D-8BA1F0645649}.Debug|x86.Build.0 = Debug|Win32
		{F85B4633-8BCF-44C2-AB9D-8BA1F0645649}.Release|x64.ActiveCfg = Release|x64
		{F85B4633-8BCF-44C2-AB9D-8BA1F0645649}.Release|x64.Build.0 = Release|x64
		{F85B4633-8BCF-44C2-AB9D-8BA1F0645649}.Release|x86.ActiveCfg = Release|Win32
		{F85B4633-8BCF-44C2-AB9D-8BA1F0645649}.Release|x86.Build.0 = Release|Win32
	EndGlobalSection
	GlobalSection(SolutionProperties) = preSolution
		HideSolutionNode = FALSE
	EndGlobalSection
	GlobalSection(ExtensibilityGlobals) = postSolution
		SolutionGuid = {01F48B6A-5635-4C6D-9643-6CC99B0FD170}
	EndGlobalSection
EndGlobal
